{
  "dependencies": {
    "windmill-client": "latest"
  }
}
//bun.lockb
IyEvdXNyL2Jpbi9lbnYgYnVuCmJ1bi1sb2NrZmlsZS1mb3JtYXQtdjAKAgAAAPGZG6hxxR55sTVK6jpLdEpk/Co6eAglKUVQx9VEg4UtVwQAAAAAAAACAAAAAAAAAAgAAAAAAAAACAAAAAAAAACAAAAAAAAAAHoCAAAAAAAAAAAAAAAAAAAAAAAAAAAPAACAAAAAAAAAAACZDWdj94+o/wEAAAAAAAAAAAAAAAAAAAAAAAAAAAAAAAAAAAAAAAAAAAAAAAAAAAAAAAAAAAAAAAAAAAAAAAAAAAAAAAAAAAACAAAAAAAAAA8AAABIAACAAQAAAL0BAAABAAAAAAAAAAAAAAAAAAAAAAAAAAAAAAAAAAAAAAAAAAAAAAAAAAAAAAAAAAEAAAABAAAAAAAAAAAAAAABAAAAAQAAAAAAAAAAAP4P/gEAAAAAAAAAAAAAAAAAAAAAAAAAAAAAAAAAAAAAAAAAAAAAAAAAAAAAAAAAAAAAAAAAAAAAAAAAAAAAAAAAAAAAAAAAAAAAAAAAAAAAAAAAAQAAAQD+D/4BAAABAAAAAAAAAAAAAAAEuY4Xj8CwRiDEdA6t+R/EQDw0TeI18K/04QtpaO0RHmIz4ft++muUtotCJFvrEnS12KpEe92USOWkSGp95ukYXQEAAAAAAAAAAAAAAAAAAAAAAAAAAAAAAAAAAAAAAAAAAAAAAAAAAAAAAAAAAAAAAAAAAAAAAAAAAAAAAAAAAAAAAAAAAAAAAAAAAAAAAAAAAAAAAAAAAAAAAAABAAAAAAAAAAAAAAAAAAAAAAAAAAAAAAAAAAAAAAAAAAAAAAAAAAAAAAAAAAAAAAAAAMACAAAAAAAA1AIAAAAAAAAKPHNyYy5pbnN0YWxsLmxvY2tmaWxlLlRyZWU+IDIwIHNpemVvZiwgNCBhbGlnbm9mCgAAAAAAAAAA/v////////8AAAAAAQAAAAADAAAAAAAABAMAAAAAAAAKPHUzMj4gNCBzaXplb2YsIDQgYWxpZ25vZgoAAAAAADADAAAAAAAANAMAAAAAAAAKPHUzMj4gNCBzaXplb2YsIDQgYWxpZ25vZgoAAQAAAGgDAAAAAAAAggMAAAAAAAAKPFsyNl11OD4gMjYgc2l6ZW9mLCAxIGFsaWdub2YKAAAAAAAAAAAADwAAgJkNZ2P3j6j/AgJsYXRlc3QAAMwDAAAAAAAAzAMAAAAAAAAKPHNyYy5pbnN0YWxsLnNlbXZlci5FeHRlcm5hbFN0cmluZz4gMTYgc2l6ZW9mLCA4IGFsaWdub2YK+AMAAAAAAABPBAAAAAAAAAo8dTg+IDEgc2l6ZW9mLCAxIGFsaWdub2YKAAB3aW5kbWlsbC1jbGllbnRodHRwczovL3JlZ2lzdHJ5Lm5wbWpzLm9yZy93aW5kbWlsbC1jbGllbnQvLS93aW5kbWlsbC1jbGllbnQtMS40NDUuMS50Z3oAAAAAAAAAAAAAAAAAAAAAAAAAAAAAAAAAAAAAAAAAAAAAAAAAAAAAAAAAAAAAAAAAAAAAAAAAAAAAAAAAAAAAAAAAAAAAAAAAAAAAAAAAAAAAAAAAAAAAAAAAAAAAAAAAAAAAAAAAAAAAAAAAAAAAAAAAAAAAAAAAAAAAAAAAAAAAAAAAAAAAAAAAAAAAAAAAAAAAAAAAAA==