{
  "dependencies": {
    "windmill-client": "latest"
  }
}
//bun.lock
{
  "lockfileVersion": 1,
  "workspaces": {
    "": {
      "dependencies": {
        "windmill-client": "latest",
      },
    },
  },
  "packages": {
    "windmill-client": ["windmill-client@1.574.2", "", {}, "sha512-yDyn8qO/0phCJ67M0gxSlj/5ELkNJNoAbXH4g/bSk+P9F3z6cpFmRTTPvRMMaWQf/tpb9JI6CWqKqgf9P++EfQ=="],
  }
}
