version: v2
locks:
  f/sync/trigger_git_sync: 4ab5f41a4980e9fbb4d3649ba63a9a89a46fdf30c6ea68a2f32d09e9df0df33c
  f/test/fastest_growing_script: 8258c23fc2c683c144f22fe1848f21d52fd2fc1cd2a66fb2eb0917c7e4b3d9ea
  f/test12/mark/test/profuse_script: 2d8ea2c3e540b361cab64b3c0a61a069c693d1e9ec33c9ab84affd9af5ffb0d9
  f/test2/brisk_flow.flow+__flow_hash: a666fe590bc341bd2de3624dbc7f21596774474a51fa920fbdb2bc60c12db61e
  f/test2/brisk_flow.flow+[asdfa]_adfa.inline_script.ts: f839daa712f42e68e477afe873967e157417a60409fef38eb5ba3236d6196c3a
  f/test2/brisk_flow.flow+a.inline_script.ts: f839daa712f42e68e477afe873967e157417a60409fef38eb5ba3236d6196c3a
  f/test2/decisive_script: 11e8e1ad2b0203a5b7d15307ea49cd82bba35841f0cb7baa9e2164324c1d3810
  f/test2/energy_efficient_script: 1ad92d72dcdec91c61d35d39d5707662ba743337ae4d9684df5fbfa8297eed8f
  f/test2/happier_script: b474e886a0f36ec67cc5737236833493a4df87d31cf2c8bd3f11033f9085fc05
  f/test2/magical_script: 743b1dd2e0351ac29fd76edf164b86878b5e55b8241a2c6697eb9b8f198540a7
  f/test2/state_of_the_art_script: 99b131b1d54fc7cefc142c22e1139c911fc10eb209ad84644d9f8ac10c37f678
  f/test2/thrilling_script: d7c8f4276ddbde1b552cfb1f9c9943a04bde0bda137af2944a18267abb36ff57
  f/test2/vibrant_script: 69e9ca65eebf22e9df9ea40f63414823fa6cccf47e6dde44382a92891502facb
