locks:
  f/adsf/invigorating_script: 1a455ed4e01a1e3106d43818585b30a61805aade05e27abdd1f38d2a667d68b7
  f/permissions/charismatic_script: e1c2425d8adfa0fb8246e9bd104ef661e1a1f5cc0ccb3ccefb39242676e6d12b
  f/permissions/cute_script: d448ddee76bd5e17dd27198950078b6bb78ebe47bf796a240709a20bf01a9704
  f/permissions/fervent_script: b41b7070449a0cb1d0c9b962a76c3b58677b5cb712c6848cfe7852130867832e
  f/sync/trigger_git_sync: d83a83ea94308fa1294a00e0d73aea7fe6d41ed39472a6527f518ba51f2ee43a
  f/test/festive_script: b7f4cbd5fa1132e0daba33a8e16819994a092c4ddb6a76acfa7d9fd68e58de21
  f/test/softer_script: 698d08f4cb842ca06a85e21c6e954c042bb82cfe3bdf2964c6aecba21622097c
  f/test/willing_script: 49bdca618cec40ba88c48ce12289b90daba1ac612dd909a648ac621474aa7fe3
  f/test3/thriving_script: b445cdb37abd323573d5515a0939128859b4d087e793f9f9e63355a244e83b60
