locks:
  f/adsf/invigorating_script: 5e403bec90d352d34ea1373eff77a78af2e2f35b0b394aa599169cba3c60ff0b
  f/permissions/charismatic_script: e1c2425d8adfa0fb8246e9bd104ef661e1a1f5cc0ccb3ccefb39242676e6d12b
  f/permissions/cute_script: d448ddee76bd5e17dd27198950078b6bb78ebe47bf796a240709a20bf01a9704
  f/permissions/fervent_script: b41b7070449a0cb1d0c9b962a76c3b58677b5cb712c6848cfe7852130867832e
  f/sync/trigger_git_sync: d83a83ea94308fa1294a00e0d73aea7fe6d41ed39472a6527f518ba51f2ee43a
  f/test/festive_script: b7f4cbd5fa1132e0daba33a8e16819994a092c4ddb6a76acfa7d9fd68e58de21
  f/test/hello: f32df34cf0043f4c28024e7e14a983bfe790cb56b09144c56f9a36e96af98b6f
  f/test/hello2: f8897f7906bc3091235e0eb33da85c8c27c747c211fd8b1f558be918784403c4
  f/test/hello3: 961868f920ba7d81db286b60c4b1a91045fd7304239fab741a42f34814e57a45
  f/test/softer_script: 698d08f4cb842ca06a85e21c6e954c042bb82cfe3bdf2964c6aecba21622097c
  f/test/willing_script: 8e0d5702712e487077e7171b5bc412f177a14578b94c2eeab443839837097d5d
  f/test3/thriving_script: b445cdb37abd323573d5515a0939128859b4d087e793f9f9e63355a244e83b60
