{
  "version": "5",
  "redirects": {
    "https://deno.land/x/url_join/mod.ts": "https://deno.land/x/url_join@1.0.0/mod.ts"
  },
  "remote": {
    "https://deno.land/std@0.86.0/_util/assert.ts": "2f868145a042a11d5ad0a3c748dcf580add8a0dbc0e876eaa0026303a5488f58",
    "https://deno.land/std@0.86.0/_util/os.ts": "e282950a0eaa96760c0cf11e7463e66babd15ec9157d4c9ed49cc0925686f6a7",
    "https://deno.land/std@0.86.0/path/_constants.ts": "1247fee4a79b70c89f23499691ef169b41b6ccf01887a0abd131009c5581b853",
    "https://deno.land/std@0.86.0/path/_interface.ts": "1fa73b02aaa24867e481a48492b44f2598cd9dfa513c7b34001437007d3642e4",
    "https://deno.land/std@0.86.0/path/_util.ts": "f4fa69aa3cbbd8568763bfc43c7236875015ba343602d8bafd332b4b4243681b",
    "https://deno.land/std@0.86.0/path/common.ts": "eaf03d08b569e8a87e674e4e265e099f237472b6fd135b3cbeae5827035ea14a",
    "https://deno.land/std@0.86.0/path/glob.ts": "4a524c1c9da3e79a9fdabdc6e850cd9e41bdf31e442856ffa19c5b123268ca95",
    "https://deno.land/std@0.86.0/path/mod.ts": "4465dc494f271b02569edbb4a18d727063b5dbd6ed84283ff906260970a15d12",
    "https://deno.land/std@0.86.0/path/posix.ts": "1408f8ba482a4dc5fc0a7cd7be28bbbff9608d2b3b5ffdcf288ae1228d959add",
    "https://deno.land/std@0.86.0/path/separator.ts": "8fdcf289b1b76fd726a508f57d3370ca029ae6976fcde5044007f062e643ff1c",
    "https://deno.land/std@0.86.0/path/win32.ts": "6ca052f54500f00cd7a5172fde62900626ab620dcd5bdcf4e6f5695d001ddef6",
    "https://deno.land/x/axiod@0.20.0-0/helpers.ts": "b54a9c892383b24e29ed3fe55b11c6b521120c83c8e3d090bd6c09a86b37ccc6",
    "https://deno.land/x/axiod@0.20.0-0/interfaces.ts": "03598d6a8fba71dc1e0a76a04f67d60edc3fcd85a541c68649f95f2369dfef13",
    "https://deno.land/x/axiod@0.20.0-0/mod.ts": "398b246ecb262c272b96488986f137150c5a95d843f766cf101b92b10c05f751",
    "https://deno.land/x/p_queue@1.0.0/lower-bound.ts": "a92a58dcaed46d3a463d006a0f01a8c8916e75d0bf848fc329bd874784626e35",
    "https://deno.land/x/p_queue@1.0.0/mod.ts": "2436c6441f5f4237e9fadf61c5e31444ef40daa72ac932167af4a9996bb5a550",
    "https://deno.land/x/p_queue@1.0.0/options.ts": "46d9d76b1dd15899d1c6fe4fb4ffa521427c1b34944ca9e68b2c887318befbf6",
    "https://deno.land/x/p_queue@1.0.0/priority-queue.ts": "bcd2f7ad381e44ea7b27fdf69211ec0475bbc3823b7908e828b91d52a36d7205",
    "https://deno.land/x/p_queue@1.0.0/queue.ts": "63c39e7a946e8cc8e30cf8beaa37f69c03df84c5298d43af0cb0bcf6f60b2917",
    "https://deno.land/x/p_retried@1.0.3/mod.ts": "fdd7d45c724da554533fd8c20c44f719408f3fbea790a4a63ddf3da5891d2b54",
    "https://deno.land/x/p_retried@1.0.4/mod.ts": "ff57cb6aab30460f28bb3d8eabf24f6993442662ad5a39aa31c70a412fb0f1c0",
    "https://deno.land/x/p_timeout@1.0.1/mod.ts": "1a55ad8ab0c22383f8766639babe3adc6d87348576700c5779531456f0428111",
    "https://deno.land/x/retried@1.0.1/lib/retried.ts": "39c96ea907b701963ab4cf037877903b7b262b7166b508911bd207e996131ac1",
    "https://deno.land/x/retried@1.0.1/lib/retryOperation.ts": "fcc0c800876bc17e472ec00fd8336a7f33a72109cabaffd376ca34c748d745ff",
    "https://deno.land/x/retried@1.0.1/mod.ts": "7a67cb9b3edf0696f8ebe2ad3b57d681ddbb39c5c24e06a3631805dea9933105",
    "https://deno.land/x/slack_logger@3.0.0/mod.ts": "a729c62c2cf2aef8b4d1b344fddee4565cc805e3224d0ec5c6653e3c55d6944d",
    "https://deno.land/x/slack_logger@3.0.1/mod.ts": "68fcb8a0b7b992278ae6f8339c0aa5bf72ca71b2756244d28788799d43e7d7ee",
    "https://deno.land/x/slack_types@3.0.0/mod.ts": "743d0591cba6fc72d39da13e9c10dbab940f5c1df8da17c5e8a6be5e4e3de3b5",
    "https://deno.land/x/slack_web_api@1.0.3/config.ts": "0baf769b6ce50a54968e18491108951edd34407e1841408c4e94c36c6d83e229",
    "https://deno.land/x/slack_web_api@1.0.3/deps.ts": "7b9063f3d422598bedf2aa13c0ce5217c7f09e37fa94530267fdfb450d075ee8",
    "https://deno.land/x/slack_web_api@1.0.3/mod.ts": "9192c2ee029d9f0f3f06d9c0350f6835d1197a3f99460daf95d601aea07356ad",
    "https://deno.land/x/slack_web_api@1.0.3/src/WebClient.ts": "b9c6dfd19d895ffc4047de089790f2cb7a7820a5c8beef09c54020ffe344aaf1",
    "https://deno.land/x/slack_web_api@1.0.3/src/errors.ts": "4bc743d72f4bc406d1cbda703396a87c6071a73832e2c176b19be77ad5fae8f3",
    "https://deno.land/x/slack_web_api@1.0.3/src/helpers.ts": "14f2afe96a0adfaae03d0d59fc004472f3724c8a6779be2aef4abb15582bc751",
    "https://deno.land/x/slack_web_api@1.0.3/src/instrument.ts": "893d7c0b6d86347cc9c8d103a15d3cb08833f394bceb04b1e25af5256dd4b609",
    "https://deno.land/x/slack_web_api@1.0.3/src/logger.ts": "bdb4d24ade4f34e1e00738af23543031e1114d7b978e1250c1e615563301f563",
    "https://deno.land/x/slack_web_api@1.0.3/src/methods.ts": "d610e49b8414b67e4ce95cad2347a8076b44f399125bdad4be1c9ffec21af0b4",
    "https://deno.land/x/slack_web_api@1.0.3/src/retry-policies.ts": "b8ded80cf6d8ff5fc3a8afe4f2852d18ab4a2d6b6368a0f5e55cc956453159cc",
    "https://deno.land/x/url_join@1.0.0/mod.ts": "d3c7007e3ab15594e54d5b90dce623b3e274a726e0cdf57858e7ecab77a0166c"
  }
}
